install_repository_dependencies: true
install_resolver_dependencies: true
install_tool_dependencies: true
tools:
- name: mdanalysis_angle
  owner: chemteam
  revisions:
  - ad135cf42274
  tool_panel_section_label: MD Analysis
- name: mdanalysis_rdf
  owner: chemteam
  revisions:
  - 49dac57d004a
  tool_panel_section_label: MD Analysis
- name: mdanalysis_dihedral
  owner: chemteam
  revisions:
  - 554f60da9c8f
  tool_panel_section_label: MD Analysis
- name: mdanalysis_distance
  owner: chemteam
  revisions:
  - 489b25966bb9
  tool_panel_section_label: MD Analysis
- name: mdanalysis_ramachandran_plot
  owner: chemteam
  revisions:
  - d710c7f00ae6
  tool_panel_section_label: MD Analysis
- name: mdanalysis_hbonds
  owner: chemteam
  revisions:
  - 469ad3ea5a5f
  tool_panel_section_label: MD Analysis
- name: mdanalysis_cosine_analysis
  owner: chemteam
  revisions:
  - e39bc1f90d8f
  - ebeb72aa39a8
  tool_panel_section_label: MD Analysis
- name: vmd_hbonds
  owner: chemteam
  revisions:
  - 8aa5e465b043
  tool_panel_section_label: ChemicalToolBox
- name: bio3d_rmsf
  owner: chemteam
  revisions:
  - 4354d92dc1aa
  - 6bcb804a54c3
  tool_panel_section_label: MD Analysis
- name: bio3d_rmsd
  owner: chemteam
  revisions:
  - 77e28e1da9f4
  - f871c9a8cb7c
  tool_panel_section_label: MD Analysis
- name: bio3d_pca
  owner: chemteam
  revisions:
  - 24867ab16f36
  - 994c509873db
  tool_panel_section_label: MD Analysis
- name: bio3d_pca_visualize
  owner: chemteam
  revisions:
  - 7ac6900f4790
  - f61a718993fd
  tool_panel_section_label: MD Analysis
- name: bio3d_dccm
  owner: chemteam
  revisions:
  - 18440ff54f63
  tool_panel_section_label: MD Analysis
- name: fastpca
  owner: chemteam
  revisions:
  - dd195f7a791c
  tool_panel_section_label: ChemicalToolBox
