install_repository_dependencies: true
install_resolver_dependencies: true
install_tool_dependencies: true
tools:
- name: gmx_npt
  owner: chemteam
  revisions:
  - 5b01e6df25a0
  tool_panel_section_label: MD Engine
- name: gmx_setup
  owner: chemteam
  revisions:
  - c124921a9e5f
  tool_panel_section_label: MD Engine
- name: gmx_em
  owner: chemteam
  revisions:
  - ea7b9183bf30
  tool_panel_section_label: MD Engine
- name: gmx_solvate
  owner: chemteam
  revisions:
  - 65946f250c89
  tool_panel_section_label: MD Engine
- name: gmx_md
  owner: chemteam
  revisions:
  - 609d93596b61
  tool_panel_section_label: MD Engine
- name: gmx_nvt
  owner: chemteam
  revisions:
  - 3a018cc1f690
  tool_panel_section_label: MD Engine
- name: gmx_merge_topology_files
  owner: chemteam
  revisions:
  - 33ed3c26b8c2
  tool_panel_section_label: MD Engine
